github.com/CaiJimmy/hugo-theme-stack/v3 v3.20.0 h1:HcDBhvXj1GJtFEN3lqkmLEULWYu5ycp4KV9v8fQ5s2s=
github.com/CaiJimmy/hugo-theme-stack/v3 v3.20.0/go.mod h1:IPmCXiIxlFSLFYS0tOmYP6ySLviyeNVSabyvSuaxD+I=
github.com/WaitBright/hugo-theme-stack/v3 v3.0.0-20230923143101-f07ca8e9c289 h1:stLoRgvezz51NvHpNxgfCpNVMvS6SoCiULFLaBsYJ30=
github.com/WaitBright/hugo-theme-stack/v3 v3.0.0-20230923143101-f07ca8e9c289/go.mod h1:AjUIo2BBi5cGdQ7DaV2dO/mGYe6QX2fGwceZY6JLkSk=
github.com/WaitBright/hugo-theme-stack/v3 v3.0.0-20230923143356-863b2f5330e6 h1:SDiBUBIjaoV13mst7RvwnDgFvSBwFlgffaVid3zD2cs=
github.com/WaitBright/hugo-theme-stack/v3 v3.0.0-20230923143356-863b2f5330e6/go.mod h1:AjUIo2BBi5cGdQ7DaV2dO/mGYe6QX2fGwceZY6JLkSk=
github.com/WaitBright/hugo-theme-stack/v3 v3.0.0-20230923144719-7065e0d9244d h1:nSpuzRkypmF+uKtwURa/KoxbXSn1uXKqcHpShFJG9bo=
github.com/WaitBright/hugo-theme-stack/v3 v3.0.0-20230923144719-7065e0d9244d/go.mod h1:AjUIo2BBi5cGdQ7DaV2dO/mGYe6QX2fGwceZY6JLkSk=
